
Microsoft Visual Studio Solution File, Format Version 12.00
# Visual Studio Version 17
VisualStudioVersion = 17.8.34309.116
MinimumVisualStudioVersion = 10.0.40219.1
Project("{9A19103F-16F7-4668-BE54-9A1E7A4F7556}") = "techjobs-api", "techjobs-api\techjobs-api.csproj", "{01B0ED50-E454-488D-BDFA-20D31A5779BE}"
EndProject
Project("{E53339B2-1760-4266-BCC7-CA923CBCF16C}") = "docker-compose", "docker-compose.dcproj", "{824EAA17-C183-4FE6-A2F2-811511839563}"
EndProject
Global
	GlobalSection(SolutionConfigurationPlatforms) = preSolution
		Debug|Any CPU = Debug|Any CPU
		Release|Any CPU = Release|Any CPU
	EndGlobalSection
	GlobalSection(ProjectConfigurationPlatforms) = postSolution
		{01B0ED50-E454-488D-BDFA-20D31A5779BE}.Debug|Any CPU.ActiveCfg = Debug|Any CPU
		{01B0ED50-E454-488D-BDFA-20D31A5779BE}.Debug|Any CPU.Build.0 = Debug|Any CPU
		{01B0ED50-E454-488D-BDFA-20D31A5779BE}.Release|Any CPU.ActiveCfg = Release|Any CPU
		{01B0ED50-E454-488D-BDFA-20D31A5779BE}.Release|Any CPU.Build.0 = Release|Any CPU
		{824EAA17-C183-4FE6-A2F2-811511839563}.Debug|Any CPU.ActiveCfg = Debug|Any CPU
		{824EAA17-C183-4FE6-A2F2-811511839563}.Debug|Any CPU.Build.0 = Debug|Any CPU
		{824EAA17-C183-4FE6-A2F2-811511839563}.Release|Any CPU.ActiveCfg = Release|Any CPU
		{824EAA17-C183-4FE6-A2F2-811511839563}.Release|Any CPU.Build.0 = Release|Any CPU
	EndGlobalSection
	GlobalSection(SolutionProperties) = preSolution
		HideSolutionNode = FALSE
	EndGlobalSection
	GlobalSection(ExtensibilityGlobals) = postSolution
		SolutionGuid = {272D6948-5A80-4523-AF69-5DC1E2D98DA1}
	EndGlobalSection
EndGlobal
